
Microsoft Visual Studio Solution File, Format Version 12.00
# Visual Studio 15
VisualStudioVersion = 15.0.27703.2035
MinimumVisualStudioVersion = 10.0.40219.1
Project("{FAE04EC0-301F-11D3-BF4B-00C04F79EFBC}") = "AppGenesis.Android", "AppGenesis\AppGenesis.Android\AppGenesis.Android.csproj", "{9D2F3084-A8BC-4F30-A137-AA0C00FF0708}"
EndProject
Project("{FAE04EC0-301F-11D3-BF4B-00C04F79EFBC}") = "AppGenesis.iOS", "AppGenesis\AppGenesis.iOS\AppGenesis.iOS.csproj", "{AA4D9092-75AE-4880-9ADF-E53872575D08}"
EndProject
Project("{9A19103F-16F7-4668-BE54-9A1E7A4F7556}") = "AppGenesis", "AppGenesis\AppGenesis\AppGenesis.csproj", "{10D450DF-3B2B-4A77-8AF8-23AD9259C19E}"
EndProject
Project("{FAE04EC0-301F-11D3-BF4B-00C04F79EFBC}") = "AppGenesis.Domain", "AppGenesis.Domain\AppGenesis.Domain.csproj", "{7939674D-CC06-4B68-B2EE-D5C3CC1FD276}"
EndProject
Project("{FAE04EC0-301F-11D3-BF4B-00C04F79EFBC}") = "AppGenesis.Backend", "AppGenesis.Backend\AppGenesis.Backend.csproj", "{81CA71E9-9EF0-49C3-90EE-A95FC9EA1AA1}"
EndProject
Project("{FAE04EC0-301F-11D3-BF4B-00C04F79EFBC}") = "AppGenesis.API", "AppGenesis.API\AppGenesis.API.csproj", "{DB8465FF-B518-43DD-AD05-96DD5F7F0FE2}"
EndProject
Global
	GlobalSection(SolutionConfigurationPlatforms) = preSolution
		Ad-Hoc|Any CPU = Ad-Hoc|Any CPU
		Ad-Hoc|iPhone = Ad-Hoc|iPhone
		Ad-Hoc|iPhoneSimulator = Ad-Hoc|iPhoneSimulator
		AppStore|Any CPU = AppStore|Any CPU
		AppStore|iPhone = AppStore|iPhone
		AppStore|iPhoneSimulator = AppStore|iPhoneSimulator
		Debug|Any CPU = Debug|Any CPU
		Debug|iPhone = Debug|iPhone
		Debug|iPhoneSimulator = Debug|iPhoneSimulator
		Release|Any CPU = Release|Any CPU
		Release|iPhone = Release|iPhone
		Release|iPhoneSimulator = Release|iPhoneSimulator
	EndGlobalSection
	GlobalSection(ProjectConfigurationPlatforms) = postSolution
		{9D2F3084-A8BC-4F30-A137-AA0C00FF0708}.Ad-Hoc|Any CPU.ActiveCfg = Release|Any CPU
		{9D2F3084-A8BC-4F30-A137-AA0C00FF0708}.Ad-Hoc|Any CPU.Build.0 = Release|Any CPU
		{9D2F3084-A8BC-4F30-A137-AA0C00FF0708}.Ad-Hoc|Any CPU.Deploy.0 = Release|Any CPU
		{9D2F3084-A8BC-4F30-A137-AA0C00FF0708}.Ad-Hoc|iPhone.ActiveCfg = Release|Any CPU
		{9D2F3084-A8BC-4F30-A137-AA0C00FF0708}.Ad-Hoc|iPhone.Build.0 = Release|Any CPU
		{9D2F3084-A8BC-4F30-A137-AA0C00FF0708}.Ad-Hoc|iPhone.Deploy.0 = Release|Any CPU
		{9D2F3084-A8BC-4F30-A137-AA0C00FF0708}.Ad-Hoc|iPhoneSimulator.ActiveCfg = Release|Any CPU
		{9D2F3084-A8BC-4F30-A137-AA0C00FF0708}.Ad-Hoc|iPhoneSimulator.Build.0 = Release|Any CPU
		{9D2F3084-A8BC-4F30-A137-AA0C00FF0708}.Ad-Hoc|iPhoneSimulator.Deploy.0 = Release|Any CPU
		{9D2F3084-A8BC-4F30-A137-AA0C00FF0708}.AppStore|Any CPU.ActiveCfg = Release|Any CPU
		{9D2F3084-A8BC-4F30-A137-AA0C00FF0708}.AppStore|Any CPU.Build.0 = Release|Any CPU
		{9D2F3084-A8BC-4F30-A137-AA0C00FF0708}.AppStore|Any CPU.Deploy.0 = Release|Any CPU
		{9D2F3084-A8BC-4F30-A137-AA0C00FF0708}.AppStore|iPhone.ActiveCfg = Release|Any CPU
		{9D2F3084-A8BC-4F30-A137-AA0C00FF0708}.AppStore|iPhone.Build.0 = Release|Any CPU
		{9D2F3084-A8BC-4F30-A137-AA0C00FF0708}.AppStore|iPhone.Deploy.0 = Release|Any CPU
		{9D2F3084-A8BC-4F30-A137-AA0C00FF0708}.AppStore|iPhoneSimulator.ActiveCfg = Release|Any CPU
		{9D2F3084-A8BC-4F30-A137-AA0C00FF0708}.AppStore|iPhoneSimulator.Build.0 = Release|Any CPU
		{9D2F3084-A8BC-4F30-A137-AA0C00FF0708}.AppStore|iPhoneSimulator.Deploy.0 = Release|Any CPU
		{9D2F3084-A8BC-4F30-A137-AA0C00FF0708}.Debug|Any CPU.ActiveCfg = Debug|Any CPU
		{9D2F3084-A8BC-4F30-A137-AA0C00FF0708}.Debug|Any CPU.Build.0 = Debug|Any CPU
		{9D2F3084-A8BC-4F30-A137-AA0C00FF0708}.Debug|Any CPU.Deploy.0 = Debug|Any CPU
		{9D2F3084-A8BC-4F30-A137-AA0C00FF0708}.Debug|iPhone.ActiveCfg = Debug|Any CPU
		{9D2F3084-A8BC-4F30-A137-AA0C00FF0708}.Debug|iPhone.Build.0 = Debug|Any CPU
		{9D2F3084-A8BC-4F30-A137-AA0C00FF0708}.Debug|iPhone.Deploy.0 = Debug|Any CPU
		{9D2F3084-A8BC-4F30-A137-AA0C00FF0708}.Debug|iPhoneSimulator.ActiveCfg = Debug|Any CPU
		{9D2F3084-A8BC-4F30-A137-AA0C00FF0708}.Debug|iPhoneSimulator.Build.0 = Debug|Any CPU
		{9D2F3084-A8BC-4F30-A137-AA0C00FF0708}.Debug|iPhoneSimulator.Deploy.0 = Debug|Any CPU
		{9D2F3084-A8BC-4F30-A137-AA0C00FF0708}.Release|Any CPU.ActiveCfg = Release|Any CPU
		{9D2F3084-A8BC-4F30-A137-AA0C00FF0708}.Release|Any CPU.Build.0 = Release|Any CPU
		{9D2F3084-A8BC-4F30-A137-AA0C00FF0708}.Release|Any CPU.Deploy.0 = Release|Any CPU
		{9D2F3084-A8BC-4F30-A137-AA0C00FF0708}.Release|iPhone.ActiveCfg = Release|Any CPU
		{9D2F3084-A8BC-4F30-A137-AA0C00FF0708}.Release|iPhone.Build.0 = Release|Any CPU
		{9D2F3084-A8BC-4F30-A137-AA0C00FF0708}.Release|iPhone.Deploy.0 = Release|Any CPU
		{9D2F3084-A8BC-4F30-A137-AA0C00FF0708}.Release|iPhoneSimulator.ActiveCfg = Release|Any CPU
		{9D2F3084-A8BC-4F30-A137-AA0C00FF0708}.Release|iPhoneSimulator.Build.0 = Release|Any CPU
		{9D2F3084-A8BC-4F30-A137-AA0C00FF0708}.Release|iPhoneSimulator.Deploy.0 = Release|Any CPU
		{AA4D9092-75AE-4880-9ADF-E53872575D08}.Ad-Hoc|Any CPU.ActiveCfg = Ad-Hoc|iPhone
		{AA4D9092-75AE-4880-9ADF-E53872575D08}.Ad-Hoc|Any CPU.Build.0 = Ad-Hoc|iPhone
		{AA4D9092-75AE-4880-9ADF-E53872575D08}.Ad-Hoc|Any CPU.Deploy.0 = Ad-Hoc|iPhone
		{AA4D9092-75AE-4880-9ADF-E53872575D08}.Ad-Hoc|iPhone.ActiveCfg = Ad-Hoc|iPhone
		{AA4D9092-75AE-4880-9ADF-E53872575D08}.Ad-Hoc|iPhone.Build.0 = Ad-Hoc|iPhone
		{AA4D9092-75AE-4880-9ADF-E53872575D08}.Ad-Hoc|iPhone.Deploy.0 = Ad-Hoc|iPhone
		{AA4D9092-75AE-4880-9ADF-E53872575D08}.Ad-Hoc|iPhoneSimulator.ActiveCfg = Ad-Hoc|iPhoneSimulator
		{AA4D9092-75AE-4880-9ADF-E53872575D08}.Ad-Hoc|iPhoneSimulator.Build.0 = Ad-Hoc|iPhoneSimulator
		{AA4D9092-75AE-4880-9ADF-E53872575D08}.Ad-Hoc|iPhoneSimulator.Deploy.0 = Ad-Hoc|iPhoneSimulator
		{AA4D9092-75AE-4880-9ADF-E53872575D08}.AppStore|Any CPU.ActiveCfg = AppStore|iPhone
		{AA4D9092-75AE-4880-9ADF-E53872575D08}.AppStore|Any CPU.Build.0 = AppStore|iPhone
		{AA4D9092-75AE-4880-9ADF-E53872575D08}.AppStore|Any CPU.Deploy.0 = AppStore|iPhone
		{AA4D9092-75AE-4880-9ADF-E53872575D08}.AppStore|iPhone.ActiveCfg = AppStore|iPhone
		{AA4D9092-75AE-4880-9ADF-E53872575D08}.AppStore|iPhone.Build.0 = AppStore|iPhone
		{AA4D9092-75AE-4880-9ADF-E53872575D08}.AppStore|iPhone.Deploy.0 = AppStore|iPhone
		{AA4D9092-75AE-4880-9ADF-E53872575D08}.AppStore|iPhoneSimulator.ActiveCfg = AppStore|iPhoneSimulator
		{AA4D9092-75AE-4880-9ADF-E53872575D08}.AppStore|iPhoneSimulator.Build.0 = AppStore|iPhoneSimulator
		{AA4D9092-75AE-4880-9ADF-E53872575D08}.AppStore|iPhoneSimulator.Deploy.0 = AppStore|iPhoneSimulator
		{AA4D9092-75AE-4880-9ADF-E53872575D08}.Debug|Any CPU.ActiveCfg = Debug|iPhoneSimulator
		{AA4D9092-75AE-4880-9ADF-E53872575D08}.Debug|Any CPU.Build.0 = Debug|iPhoneSimulator
		{AA4D9092-75AE-4880-9ADF-E53872575D08}.Debug|Any CPU.Deploy.0 = Debug|iPhoneSimulator
		{AA4D9092-75AE-4880-9ADF-E53872575D08}.Debug|iPhone.ActiveCfg = Debug|iPhone
		{AA4D9092-75AE-4880-9ADF-E53872575D08}.Debug|iPhone.Build.0 = Debug|iPhone
		{AA4D9092-75AE-4880-9ADF-E53872575D08}.Debug|iPhone.Deploy.0 = Debug|iPhone
		{AA4D9092-75AE-4880-9ADF-E53872575D08}.Debug|iPhoneSimulator.ActiveCfg = Debug|iPhoneSimulator
		{AA4D9092-75AE-4880-9ADF-E53872575D08}.Debug|iPhoneSimulator.Build.0 = Debug|iPhoneSimulator
		{AA4D9092-75AE-4880-9ADF-E53872575D08}.Debug|iPhoneSimulator.Deploy.0 = Debug|iPhoneSimulator
		{AA4D9092-75AE-4880-9ADF-E53872575D08}.Release|Any CPU.ActiveCfg = Release|iPhone
		{AA4D9092-75AE-4880-9ADF-E53872575D08}.Release|Any CPU.Build.0 = Release|iPhone
		{AA4D9092-75AE-4880-9ADF-E53872575D08}.Release|Any CPU.Deploy.0 = Release|iPhone
		{AA4D9092-75AE-4880-9ADF-E53872575D08}.Release|iPhone.ActiveCfg = Release|iPhone
		{AA4D9092-75AE-4880-9ADF-E53872575D08}.Release|iPhone.Build.0 = Release|iPhone
		{AA4D9092-75AE-4880-9ADF-E53872575D08}.Release|iPhone.Deploy.0 = Release|iPhone
		{AA4D9092-75AE-4880-9ADF-E53872575D08}.Release|iPhoneSimulator.ActiveCfg = Release|iPhoneSimulator
		{AA4D9092-75AE-4880-9ADF-E53872575D08}.Release|iPhoneSimulator.Build.0 = Release|iPhoneSimulator
		{AA4D9092-75AE-4880-9ADF-E53872575D08}.Release|iPhoneSimulator.Deploy.0 = Release|iPhoneSimulator
		{10D450DF-3B2B-4A77-8AF8-23AD9259C19E}.Ad-Hoc|Any CPU.ActiveCfg = Debug|Any CPU
		{10D450DF-3B2B-4A77-8AF8-23AD9259C19E}.Ad-Hoc|Any CPU.Build.0 = Debug|Any CPU
		{10D450DF-3B2B-4A77-8AF8-23AD9259C19E}.Ad-Hoc|Any CPU.Deploy.0 = Debug|Any CPU
		{10D450DF-3B2B-4A77-8AF8-23AD9259C19E}.Ad-Hoc|iPhone.ActiveCfg = Debug|Any CPU
		{10D450DF-3B2B-4A77-8AF8-23AD9259C19E}.Ad-Hoc|iPhone.Build.0 = Debug|Any CPU
		{10D450DF-3B2B-4A77-8AF8-23AD9259C19E}.Ad-Hoc|iPhone.Deploy.0 = Debug|Any CPU
		{10D450DF-3B2B-4A77-8AF8-23AD9259C19E}.Ad-Hoc|iPhoneSimulator.ActiveCfg = Debug|Any CPU
		{10D450DF-3B2B-4A77-8AF8-23AD9259C19E}.Ad-Hoc|iPhoneSimulator.Build.0 = Debug|Any CPU
		{10D450DF-3B2B-4A77-8AF8-23AD9259C19E}.Ad-Hoc|iPhoneSimulator.Deploy.0 = Debug|Any CPU
		{10D450DF-3B2B-4A77-8AF8-23AD9259C19E}.AppStore|Any CPU.ActiveCfg = Debug|Any CPU
		{10D450DF-3B2B-4A77-8AF8-23AD9259C19E}.AppStore|Any CPU.Build.0 = Debug|Any CPU
		{10D450DF-3B2B-4A77-8AF8-23AD9259C19E}.AppStore|Any CPU.Deploy.0 = Debug|Any CPU
		{10D450DF-3B2B-4A77-8AF8-23AD9259C19E}.AppStore|iPhone.ActiveCfg = Debug|Any CPU
		{10D450DF-3B2B-4A77-8AF8-23AD9259C19E}.AppStore|iPhone.Build.0 = Debug|Any CPU
		{10D450DF-3B2B-4A77-8AF8-23AD9259C19E}.AppStore|iPhone.Deploy.0 = Debug|Any CPU
		{10D450DF-3B2B-4A77-8AF8-23AD9259C19E}.AppStore|iPhoneSimulator.ActiveCfg = Debug|Any CPU
		{10D450DF-3B2B-4A77-8AF8-23AD9259C19E}.AppStore|iPhoneSimulator.Build.0 = Debug|Any CPU
		{10D450DF-3B2B-4A77-8AF8-23AD9259C19E}.AppStore|iPhoneSimulator.Deploy.0 = Debug|Any CPU
		{10D450DF-3B2B-4A77-8AF8-23AD9259C19E}.Debug|Any CPU.ActiveCfg = Debug|Any CPU
		{10D450DF-3B2B-4A77-8AF8-23AD9259C19E}.Debug|Any CPU.Build.0 = Debug|Any CPU
		{10D450DF-3B2B-4A77-8AF8-23AD9259C19E}.Debug|Any CPU.Deploy.0 = Debug|Any CPU
		{10D450DF-3B2B-4A77-8AF8-23AD9259C19E}.Debug|iPhone.ActiveCfg = Debug|Any CPU
		{10D450DF-3B2B-4A77-8AF8-23AD9259C19E}.Debug|iPhone.Build.0 = Debug|Any CPU
		{10D450DF-3B2B-4A77-8AF8-23AD9259C19E}.Debug|iPhone.Deploy.0 = Debug|Any CPU
		{10D450DF-3B2B-4A77-8AF8-23AD9259C19E}.Debug|iPhoneSimulator.ActiveCfg = Debug|Any CPU
		{10D450DF-3B2B-4A77-8AF8-23AD9259C19E}.Debug|iPhoneSimulator.Build.0 = Debug|Any CPU
		{10D450DF-3B2B-4A77-8AF8-23AD9259C19E}.Debug|iPhoneSimulator.Deploy.0 = Debug|Any CPU
		{10D450DF-3B2B-4A77-8AF8-23AD9259C19E}.Release|Any CPU.ActiveCfg = Release|Any CPU
		{10D450DF-3B2B-4A77-8AF8-23AD9259C19E}.Release|Any CPU.Build.0 = Release|Any CPU
		{10D450DF-3B2B-4A77-8AF8-23AD9259C19E}.Release|Any CPU.Deploy.0 = Release|Any CPU
		{10D450DF-3B2B-4A77-8AF8-23AD9259C19E}.Release|iPhone.ActiveCfg = Release|Any CPU
		{10D450DF-3B2B-4A77-8AF8-23AD9259C19E}.Release|iPhone.Build.0 = Release|Any CPU
		{10D450DF-3B2B-4A77-8AF8-23AD9259C19E}.Release|iPhone.Deploy.0 = Release|Any CPU
		{10D450DF-3B2B-4A77-8AF8-23AD9259C19E}.Release|iPhoneSimulator.ActiveCfg = Release|Any CPU
		{10D450DF-3B2B-4A77-8AF8-23AD9259C19E}.Release|iPhoneSimulator.Build.0 = Release|Any CPU
		{10D450DF-3B2B-4A77-8AF8-23AD9259C19E}.Release|iPhoneSimulator.Deploy.0 = Release|Any CPU
		{7939674D-CC06-4B68-B2EE-D5C3CC1FD276}.Ad-Hoc|Any CPU.ActiveCfg = Release|Any CPU
		{7939674D-CC06-4B68-B2EE-D5C3CC1FD276}.Ad-Hoc|Any CPU.Build.0 = Release|Any CPU
		{7939674D-CC06-4B68-B2EE-D5C3CC1FD276}.Ad-Hoc|iPhone.ActiveCfg = Release|Any CPU
		{7939674D-CC06-4B68-B2EE-D5C3CC1FD276}.Ad-Hoc|iPhone.Build.0 = Release|Any CPU
		{7939674D-CC06-4B68-B2EE-D5C3CC1FD276}.Ad-Hoc|iPhoneSimulator.ActiveCfg = Release|Any CPU
		{7939674D-CC06-4B68-B2EE-D5C3CC1FD276}.Ad-Hoc|iPhoneSimulator.Build.0 = Release|Any CPU
		{7939674D-CC06-4B68-B2EE-D5C3CC1FD276}.AppStore|Any CPU.ActiveCfg = Release|Any CPU
		{7939674D-CC06-4B68-B2EE-D5C3CC1FD276}.AppStore|Any CPU.Build.0 = Release|Any CPU
		{7939674D-CC06-4B68-B2EE-D5C3CC1FD276}.AppStore|iPhone.ActiveCfg = Release|Any CPU
		{7939674D-CC06-4B68-B2EE-D5C3CC1FD276}.AppStore|iPhone.Build.0 = Release|Any CPU
		{7939674D-CC06-4B68-B2EE-D5C3CC1FD276}.AppStore|iPhoneSimulator.ActiveCfg = Release|Any CPU
		{7939674D-CC06-4B68-B2EE-D5C3CC1FD276}.AppStore|iPhoneSimulator.Build.0 = Release|Any CPU
		{7939674D-CC06-4B68-B2EE-D5C3CC1FD276}.Debug|Any CPU.ActiveCfg = Debug|Any CPU
		{7939674D-CC06-4B68-B2EE-D5C3CC1FD276}.Debug|Any CPU.Build.0 = Debug|Any CPU
		{7939674D-CC06-4B68-B2EE-D5C3CC1FD276}.Debug|iPhone.ActiveCfg = Debug|Any CPU
		{7939674D-CC06-4B68-B2EE-D5C3CC1FD276}.Debug|iPhone.Build.0 = Debug|Any CPU
		{7939674D-CC06-4B68-B2EE-D5C3CC1FD276}.Debug|iPhoneSimulator.ActiveCfg = Debug|Any CPU
		{7939674D-CC06-4B68-B2EE-D5C3CC1FD276}.Debug|iPhoneSimulator.Build.0 = Debug|Any CPU
		{7939674D-CC06-4B68-B2EE-D5C3CC1FD276}.Release|Any CPU.ActiveCfg = Release|Any CPU
		{7939674D-CC06-4B68-B2EE-D5C3CC1FD276}.Release|Any CPU.Build.0 = Release|Any CPU
		{7939674D-CC06-4B68-B2EE-D5C3CC1FD276}.Release|iPhone.ActiveCfg = Release|Any CPU
		{7939674D-CC06-4B68-B2EE-D5C3CC1FD276}.Release|iPhone.Build.0 = Release|Any CPU
		{7939674D-CC06-4B68-B2EE-D5C3CC1FD276}.Release|iPhoneSimulator.ActiveCfg = Release|Any CPU
		{7939674D-CC06-4B68-B2EE-D5C3CC1FD276}.Release|iPhoneSimulator.Build.0 = Release|Any CPU
		{81CA71E9-9EF0-49C3-90EE-A95FC9EA1AA1}.Ad-Hoc|Any CPU.ActiveCfg = Release|Any CPU
		{81CA71E9-9EF0-49C3-90EE-A95FC9EA1AA1}.Ad-Hoc|Any CPU.Build.0 = Release|Any CPU
		{81CA71E9-9EF0-49C3-90EE-A95FC9EA1AA1}.Ad-Hoc|iPhone.ActiveCfg = Release|Any CPU
		{81CA71E9-9EF0-49C3-90EE-A95FC9EA1AA1}.Ad-Hoc|iPhone.Build.0 = Release|Any CPU
		{81CA71E9-9EF0-49C3-90EE-A95FC9EA1AA1}.Ad-Hoc|iPhoneSimulator.ActiveCfg = Release|Any CPU
		{81CA71E9-9EF0-49C3-90EE-A95FC9EA1AA1}.Ad-Hoc|iPhoneSimulator.Build.0 = Release|Any CPU
		{81CA71E9-9EF0-49C3-90EE-A95FC9EA1AA1}.AppStore|Any CPU.ActiveCfg = Release|Any CPU
		{81CA71E9-9EF0-49C3-90EE-A95FC9EA1AA1}.AppStore|Any CPU.Build.0 = Release|Any CPU
		{81CA71E9-9EF0-49C3-90EE-A95FC9EA1AA1}.AppStore|iPhone.ActiveCfg = Release|Any CPU
		{81CA71E9-9EF0-49C3-90EE-A95FC9EA1AA1}.AppStore|iPhone.Build.0 = Release|Any CPU
		{81CA71E9-9EF0-49C3-90EE-A95FC9EA1AA1}.AppStore|iPhoneSimulator.ActiveCfg = Release|Any CPU
		{81CA71E9-9EF0-49C3-90EE-A95FC9EA1AA1}.AppStore|iPhoneSimulator.Build.0 = Release|Any CPU
		{81CA71E9-9EF0-49C3-90EE-A95FC9EA1AA1}.Debug|Any CPU.ActiveCfg = Debug|Any CPU
		{81CA71E9-9EF0-49C3-90EE-A95FC9EA1AA1}.Debug|Any CPU.Build.0 = Debug|Any CPU
		{81CA71E9-9EF0-49C3-90EE-A95FC9EA1AA1}.Debug|iPhone.ActiveCfg = Debug|Any CPU
		{81CA71E9-9EF0-49C3-90EE-A95FC9EA1AA1}.Debug|iPhone.Build.0 = Debug|Any CPU
		{81CA71E9-9EF0-49C3-90EE-A95FC9EA1AA1}.Debug|iPhoneSimulator.ActiveCfg = Debug|Any CPU
		{81CA71E9-9EF0-49C3-90EE-A95FC9EA1AA1}.Debug|iPhoneSimulator.Build.0 = Debug|Any CPU
		{81CA71E9-9EF0-49C3-90EE-A95FC9EA1AA1}.Release|Any CPU.ActiveCfg = Release|Any CPU
		{81CA71E9-9EF0-49C3-90EE-A95FC9EA1AA1}.Release|Any CPU.Build.0 = Release|Any CPU
		{81CA71E9-9EF0-49C3-90EE-A95FC9EA1AA1}.Release|iPhone.ActiveCfg = Release|Any CPU
		{81CA71E9-9EF0-49C3-90EE-A95FC9EA1AA1}.Release|iPhone.Build.0 = Release|Any CPU
		{81CA71E9-9EF0-49C3-90EE-A95FC9EA1AA1}.Release|iPhoneSimulator.ActiveCfg = Release|Any CPU
		{81CA71E9-9EF0-49C3-90EE-A95FC9EA1AA1}.Release|iPhoneSimulator.Build.0 = Release|Any CPU
		{DB8465FF-B518-43DD-AD05-96DD5F7F0FE2}.Ad-Hoc|Any CPU.ActiveCfg = Release|Any CPU
		{DB8465FF-B518-43DD-AD05-96DD5F7F0FE2}.Ad-Hoc|Any CPU.Build.0 = Release|Any CPU
		{DB8465FF-B518-43DD-AD05-96DD5F7F0FE2}.Ad-Hoc|iPhone.ActiveCfg = Release|Any CPU
		{DB8465FF-B518-43DD-AD05-96DD5F7F0FE2}.Ad-Hoc|iPhone.Build.0 = Release|Any CPU
		{DB8465FF-B518-43DD-AD05-96DD5F7F0FE2}.Ad-Hoc|iPhoneSimulator.ActiveCfg = Release|Any CPU
		{DB8465FF-B518-43DD-AD05-96DD5F7F0FE2}.Ad-Hoc|iPhoneSimulator.Build.0 = Release|Any CPU
		{DB8465FF-B518-43DD-AD05-96DD5F7F0FE2}.AppStore|Any CPU.ActiveCfg = Release|Any CPU
		{DB8465FF-B518-43DD-AD05-96DD5F7F0FE2}.AppStore|Any CPU.Build.0 = Release|Any CPU
		{DB8465FF-B518-43DD-AD05-96DD5F7F0FE2}.AppStore|iPhone.ActiveCfg = Release|Any CPU
		{DB8465FF-B518-43DD-AD05-96DD5F7F0FE2}.AppStore|iPhone.Build.0 = Release|Any CPU
		{DB8465FF-B518-43DD-AD05-96DD5F7F0FE2}.AppStore|iPhoneSimulator.ActiveCfg = Release|Any CPU
		{DB8465FF-B518-43DD-AD05-96DD5F7F0FE2}.AppStore|iPhoneSimulator.Build.0 = Release|Any CPU
		{DB8465FF-B518-43DD-AD05-96DD5F7F0FE2}.Debug|Any CPU.ActiveCfg = Debug|Any CPU
		{DB8465FF-B518-43DD-AD05-96DD5F7F0FE2}.Debug|Any CPU.Build.0 = Debug|Any CPU
		{DB8465FF-B518-43DD-AD05-96DD5F7F0FE2}.Debug|iPhone.ActiveCfg = Debug|Any CPU
		{DB8465FF-B518-43DD-AD05-96DD5F7F0FE2}.Debug|iPhone.Build.0 = Debug|Any CPU
		{DB8465FF-B518-43DD-AD05-96DD5F7F0FE2}.Debug|iPhoneSimulator.ActiveCfg = Debug|Any CPU
		{DB8465FF-B518-43DD-AD05-96DD5F7F0FE2}.Debug|iPhoneSimulator.Build.0 = Debug|Any CPU
		{DB8465FF-B518-43DD-AD05-96DD5F7F0FE2}.Release|Any CPU.ActiveCfg = Release|Any CPU
		{DB8465FF-B518-43DD-AD05-96DD5F7F0FE2}.Release|Any CPU.Build.0 = Release|Any CPU
		{DB8465FF-B518-43DD-AD05-96DD5F7F0FE2}.Release|iPhone.ActiveCfg = Release|Any CPU
		{DB8465FF-B518-43DD-AD05-96DD5F7F0FE2}.Release|iPhone.Build.0 = Release|Any CPU
		{DB8465FF-B518-43DD-AD05-96DD5F7F0FE2}.Release|iPhoneSimulator.ActiveCfg = Release|Any CPU
		{DB8465FF-B518-43DD-AD05-96DD5F7F0FE2}.Release|iPhoneSimulator.Build.0 = Release|Any CPU
	EndGlobalSection
	GlobalSection(SolutionProperties) = preSolution
		HideSolutionNode = FALSE
	EndGlobalSection
	GlobalSection(ExtensibilityGlobals) = postSolution
		SolutionGuid = {6F78AE3D-F766-466D-B1D2-F14877B2BC78}
	EndGlobalSection
EndGlobal
